
Microsoft Visual Studio Solution File, Format Version 12.00
# Visual Studio Version 17
VisualStudioVersion = 17.6.33617.297
MinimumVisualStudioVersion = 10.0.40219.1
Project("{FAE04EC0-301F-11D3-BF4B-00C04F79EFBC}") = "MPWasted", "MPWasted\MPWasted.csproj", "{65572820-A761-4D1D-B537-7928E39A7E6D}"
EndProject
Global
	GlobalSection(SolutionConfigurationPlatforms) = preSolution
		Debug|Any CPU = Debug|Any CPU
		Debug|ARM64 = Debug|ARM64
		Release|Any CPU = Release|Any CPU
		Release|ARM64 = Release|ARM64
	EndGlobalSection
	GlobalSection(ProjectConfigurationPlatforms) = postSolution
		{65572820-A761-4D1D-B537-7928E39A7E6D}.Debug|Any CPU.ActiveCfg = Release|Any CPU
		{65572820-A761-4D1D-B537-7928E39A7E6D}.Debug|Any CPU.Build.0 = Release|Any CPU
		{65572820-A761-4D1D-B537-7928E39A7E6D}.Debug|ARM64.ActiveCfg = Debug|ARM64
		{65572820-A761-4D1D-B537-7928E39A7E6D}.Debug|ARM64.Build.0 = Debug|ARM64
		{65572820-A761-4D1D-B537-7928E39A7E6D}.Release|Any CPU.ActiveCfg = Release|Any CPU
		{65572820-A761-4D1D-B537-7928E39A7E6D}.Release|Any CPU.Build.0 = Release|Any CPU
		{65572820-A761-4D1D-B537-7928E39A7E6D}.Release|ARM64.ActiveCfg = Release|ARM64
		{65572820-A761-4D1D-B537-7928E39A7E6D}.Release|ARM64.Build.0 = Release|ARM64
	EndGlobalSection
	GlobalSection(SolutionProperties) = preSolution
		HideSolutionNode = FALSE
	EndGlobalSection
	GlobalSection(ExtensibilityGlobals) = postSolution
		SolutionGuid = {B176570A-FC16-44A4-9C61-61DB025058A6}
	EndGlobalSection
EndGlobal
